// !$*UTF8*$!
{
	archiveVersion = 1;
	classes = {
	};
	objectVersion = 46;
	objects = {

/* Begin PBXBuildFile section */
		274D32CF1CA0A9D6009BDBD5 /* AppDelegate.swift in Sources */ = {isa = PBXBuildFile; fileRef = 274D32CE1CA0A9D6009BDBD5 /* AppDelegate.swift */; };
		274D32D11CA0A9D6009BDBD5 /* art.scnassets in Resources */ = {isa = PBXBuildFile; fileRef = 274D32D01CA0A9D6009BDBD5 /* art.scnassets */; };
		274D32D31CA0A9D6009BDBD5 /* GameViewController.swift in Sources */ = {isa = PBXBuildFile; fileRef = 274D32D21CA0A9D6009BDBD5 /* GameViewController.swift */; };
		274D32D61CA0A9D6009BDBD5 /* Main.storyboard in Resources */ = {isa = PBXBuildFile; fileRef = 274D32D41CA0A9D6009BDBD5 /* Main.storyboard */; };
		274D32D81CA0A9D6009BDBD5 /* Assets.xcassets in Resources */ = {isa = PBXBuildFile; fileRef = 274D32D71CA0A9D6009BDBD5 /* Assets.xcassets */; };
		274D32DB1CA0A9D6009BDBD5 /* LaunchScreen.storyboard in Resources */ = {isa = PBXBuildFile; fileRef = 274D32D91CA0A9D6009BDBD5 /* LaunchScreen.storyboard */; };
		274D32E31CA0FFFD009BDBD5 /* Colors.swift in Sources */ = {isa = PBXBuildFile; fileRef = 274D32E21CA0FFFD009BDBD5 /* Colors.swift */; };
/* End PBXBuildFile section */

/* Begin PBXFileReference section */
		274D32CB1CA0A9D6009BDBD5 /* Planets.app */ = {isa = PBXFileReference; explicitFileType = wrapper.application; includeInIndex = 0; path = Planets.app; sourceTree = BUILT_PRODUCTS_DIR; };
		274D32CE1CA0A9D6009BDBD5 /* AppDelegate.swift */ = {isa = PBXFileReference; lastKnownFileType = sourcecode.swift; path = AppDelegate.swift; sourceTree = "<group>"; };
		274D32D01CA0A9D6009BDBD5 /* art.scnassets */ = {isa = PBXFileReference; lastKnownFileType = wrapper.scnassets; path = art.scnassets; sourceTree = "<group>"; };
		274D32D21CA0A9D6009BDBD5 /* GameViewController.swift */ = {isa = PBXFileReference; lastKnownFileType = sourcecode.swift; path = GameViewController.swift; sourceTree = "<group>"; };
		274D32D51CA0A9D6009BDBD5 /* Base */ = {isa = PBXFileReference; lastKnownFileType = file.storyboard; name = Base; path = Base.lproj/Main.storyboard; sourceTree = "<group>"; };
		274D32D71CA0A9D6009BDBD5 /* Assets.xcassets */ = {isa = PBXFileReference; lastKnownFileType = folder.assetcatalog; path = Assets.xcassets; sourceTree = "<group>"; };
		274D32DA1CA0A9D6009BDBD5 /* Base */ = {isa = PBXFileReference; lastKnownFileType = file.storyboard; name = Base; path = Base.lproj/LaunchScreen.storyboard; sourceTree = "<group>"; };
		274D32DC1CA0A9D6009BDBD5 /* Info.plist */ = {isa = PBXFileReference; lastKnownFileType = text.plist.xml; path = Info.plist; sourceTree = "<group>"; };
		274D32E21CA0FFFD009BDBD5 /* Colors.swift */ = {isa = PBXFileReference; fileEncoding = 4; lastKnownFileType = sourcecode.swift; path = Colors.swift; sourceTree = "<group>"; };
/* End PBXFileReference section */

/* Begin PBXFrameworksBuildPhase section */
		274D32C81CA0A9D6009BDBD5 /* Frameworks */ = {
			isa = PBXFrameworksBuildPhase;
			buildActionMask = 2147483647;
			files = (
			);
			runOnlyForDeploymentPostprocessing = 0;
		};
/* End PBXFrameworksBuildPhase section */

/* Begin PBXGroup section */
		274D32C21CA0A9D6009BDBD5 = {
			isa = PBXGroup;
			children = (
				274D32CD1CA0A9D6009BDBD5 /* Planets */,
				274D32CC1CA0A9D6009BDBD5 /* Products */,
			);
			sourceTree = "<group>";
		};
		274D32CC1CA0A9D6009BDBD5 /* Products */ = {
			isa = PBXGroup;
			children = (
				274D32CB1CA0A9D6009BDBD5 /* Planets.app */,
			);
			name = Products;
			sourceTree = "<group>";
		};
		274D32CD1CA0A9D6009BDBD5 /* Planets */ = {
			isa = PBXGroup;
			children = (
				274D32CE1CA0A9D6009BDBD5 /* AppDelegate.swift */,
				274D32D01CA0A9D6009BDBD5 /* art.scnassets */,
				274D32D21CA0A9D6009BDBD5 /* GameViewController.swift */,
				274D32E21CA0FFFD009BDBD5 /* Colors.swift */,
				274D32D41CA0A9D6009BDBD5 /* Main.storyboard */,
				274D32D71CA0A9D6009BDBD5 /* Assets.xcassets */,
				274D32D91CA0A9D6009BDBD5 /* LaunchScreen.storyboard */,
				274D32DC1CA0A9D6009BDBD5 /* Info.plist */,
			);
			path = Planets;
			sourceTree = "<group>";
		};
/* End PBXGroup section */

/* Begin PBXNativeTarget section */
		274D32CA1CA0A9D6009BDBD5 /* Planets */ = {
			isa = PBXNativeTarget;
			buildConfigurationList = 274D32DF1CA0A9D6009BDBD5 /* Build configuration list for PBXNativeTarget "Planets" */;
			buildPhases = (
				274D32C71CA0A9D6009BDBD5 /* Sources */,
				274D32C81CA0A9D6009BDBD5 /* Frameworks */,
				274D32C91CA0A9D6009BDBD5 /* Resources */,
			);
			buildRules = (
			);
			dependencies = (
			);
			name = Planets;
			productName = Planets;
			productReference = 274D32CB1CA0A9D6009BDBD5 /* Planets.app */;
			productType = "com.apple.product-type.application";
		};
/* End PBXNativeTarget section */

/* Begin PBXProject section */
		274D32C31CA0A9D6009BDBD5 /* Project object */ = {
			isa = PBXProject;
			attributes = {
				LastSwiftUpdateCheck = 0720;
				LastUpgradeCheck = 0720;
				ORGANIZATIONNAME = "Ethan Hess";
				TargetAttributes = {
					274D32CA1CA0A9D6009BDBD5 = {
						CreatedOnToolsVersion = 7.2.1;
					};
				};
			};
			buildConfigurationList = 274D32C61CA0A9D6009BDBD5 /* Build configuration list for PBXProject "Planets" */;
			compatibilityVersion = "Xcode 3.2";
			developmentRegion = English;
			hasScannedForEncodings = 0;
			knownRegions = (
				en,
				Base,
			);
			mainGroup = 274D32C21CA0A9D6009BDBD5;
			productRefGroup = 274D32CC1CA0A9D6009BDBD5 /* Products */;
			projectDirPath = "";
			projectRoot = "";
			targets = (
				274D32CA1CA0A9D6009BDBD5 /* Planets */,
			);
		};
/* End PBXProject section */

/* Begin PBXResourcesBuildPhase section */
		274D32C91CA0A9D6009BDBD5 /* Resources */ = {
			isa = PBXResourcesBuildPhase;
			buildActionMask = 2147483647;
			files = (
				274D32D11CA0A9D6009BDBD5 /* art.scnassets in Resources */,
				274D32DB1CA0A9D6009BDBD5 /* LaunchScreen.storyboard in Resources */,
				274D32D81CA0A9D6009BDBD5 /* Assets.xcassets in Resources */,
				274D32D61CA0A9D6009BDBD5 /* Main.storyboard in Resources */,
			);
			runOnlyForDeploymentPostprocessing = 0;
		};
/* End PBXResourcesBuildPhase section */

/* Begin PBXSourcesBuildPhase section */
		274D32C71CA0A9D6009BDBD5 /* Sources */ = {
			isa = PBXSourcesBuildPhase;
			buildActionMask = 2147483647;
			files = (
				274D32D31CA0A9D6009BDBD5 /* GameViewController.swift in Sources */,
				274D32E31CA0FFFD009BDBD5 /* Colors.swift in Sources */,
				274D32CF1CA0A9D6009BDBD5 /* AppDelegate.swift in Sources */,
			);
			runOnlyForDeploymentPostprocessing = 0;
		};
/* End PBXSourcesBuildPhase section */

/* Begin PBXVariantGroup section */
		274D32D41CA0A9D6009BDBD5 /* Main.storyboard */ = {
			isa = PBXVariantGroup;
			children = (
				274D32D51CA0A9D6009BDBD5 /* Base */,
			);
			name = Main.storyboard;
			sourceTree = "<group>";
		};
		274D32D91CA0A9D6009BDBD5 /* LaunchScreen.storyboard */ = {
			isa = PBXVariantGroup;
			children = (
				274D32DA1CA0A9D6009BDBD5 /* Base */,
			);
			name = LaunchScreen.storyboard;
			sourceTree = "<group>";
		};
/* End PBXVariantGroup section */

/* Begin XCBuildConfiguration section */
		274D32DD1CA0A9D6009BDBD5 /* Debug */ = {
			isa = XCBuildConfiguration;
			buildSettings = {
				ALWAYS_SEARCH_USER_PATHS = NO;
				CLANG_CXX_LANGUAGE_STANDARD = "gnu++0x";
				CLANG_CXX_LIBRARY = "libc++";
				CLANG_ENABLE_MODULES = YES;
				CLANG_ENABLE_OBJC_ARC = YES;
				CLANG_WARN_BOOL_CONVERSION = YES;
				CLANG_WARN_CONSTANT_CONVERSION = YES;
				CLANG_WARN_DIRECT_OBJC_ISA_USAGE = YES_ERROR;
				CLANG_WARN_EMPTY_BODY = YES;
				CLANG_WARN_ENUM_CONVERSION = YES;
				CLANG_WARN_INT_CONVERSION = YES;
				CLANG_WARN_OBJC_ROOT_CLASS = YES_ERROR;
				CLANG_WARN_UNREACHABLE_CODE = YES;
				CLANG_WARN__DUPLICATE_METHOD_MATCH = YES;
				"CODE_SIGN_IDENTITY[sdk=iphoneos*]" = "iPhone Developer";
				COPY_PHASE_STRIP = NO;
				DEBUG_INFORMATION_FORMAT = "dwarf-with-dsym";
				ENABLE_STRICT_OBJC_MSGSEND = YES;
				ENABLE_TESTABILITY = YES;
				GCC_C_LANGUAGE_STANDARD = gnu99;
				GCC_DYNAMIC_NO_PIC = NO;
				GCC_NO_COMMON_BLOCKS = YES;
				GCC_OPTIMIZATION_LEVEL = 0;
				GCC_PREPROCESSOR_DEFINITIONS = (
					"DEBUG=1",
					"$(inherited)",
				);
				GCC_WARN_64_TO_32_BIT_CONVERSION = YES;
				GCC_WARN_ABOUT_RETURN_TYPE = YES_ERROR;
				GCC_WARN_UNDECLARED_SELECTOR = YES;
				GCC_WARN_UNINITIALIZED_AUTOS = YES_AGGRESSIVE;
				GCC_WARN_UNUSED_FUNCTION = YES;
				GCC_WARN_UNUSED_VARIABLE = YES;
				IPHONEOS_DEPLOYMENT_TARGET = 9.2;
				MTL_ENABLE_DEBUG_INFO = YES;
				ONLY_ACTIVE_ARCH = YES;
				SDKROOT = iphoneos;
				SWIFT_OPTIMIZATION_LEVEL = "-Onone";
			};
			name = Debug;
		};
		274D32DE1CA0A9D6009BDBD5 /* Release */ = {
			isa = XCBuildConfiguration;
			buildSettings = {
				ALWAYS_SEARCH_USER_PATHS = NO;
				CLANG_CXX_LANGUAGE_STANDARD = "gnu++0x";
				CLANG_CXX_LIBRARY = "libc++";
				CLANG_ENABLE_MODULES = YES;
				CLANG_ENABLE_OBJC_ARC = YES;
				CLANG_WARN_BOOL_CONVERSION = YES;
				CLANG_WARN_CONSTANT_CONVERSION = YES;
				CLANG_WARN_DIRECT_OBJC_ISA_USAGE = YES_ERROR;
				CLANG_WARN_EMPTY_BODY = YES;
				CLANG_WARN_ENUM_CONVERSION = YES;
				CLANG_WARN_INT_CONVERSION = YES;
				CLANG_WARN_OBJC_ROOT_CLASS = YES_ERROR;
				CLANG_WARN_UNREACHABLE_CODE = YES;
				CLANG_WARN__DUPLICATE_METHOD_MATCH = YES;
				"CODE_SIGN_IDENTITY[sdk=iphoneos*]" = "iPhone Developer";
				COPY_PHASE_STRIP = NO;
				DEBUG_INFORMATION_FORMAT = "dwarf-with-dsym";
				ENABLE_NS_ASSERTIONS = NO;
				ENABLE_STRICT_OBJC_MSGSEND = YES;
				GCC_C_LANGUAGE_STANDARD = gnu99;
				GCC_NO_COMMON_BLOCKS = YES;
				GCC_WARN_64_TO_32_BIT_CONVERSION = YES;
				GCC_WARN_ABOUT_RETURN_TYPE = YES_ERROR;
				GCC_WARN_UNDECLARED_SELECTOR = YES;
				GCC_WARN_UNINITIALIZED_AUTOS = YES_AGGRESSIVE;
				GCC_WARN_UNUSED_FUNCTION = YES;
				GCC_WARN_UNUSED_VARIABLE = YES;
				IPHONEOS_DEPLOYMENT_TARGET = 9.2;
				MTL_ENABLE_DEBUG_INFO = NO;
				SDKROOT = iphoneos;
				VALIDATE_PRODUCT = YES;
			};
			name = Release;
		};
		274D32E01CA0A9D6009BDBD5 /* Debug */ = {
			isa = XCBuildConfiguration;
			buildSettings = {
				ASSETCATALOG_COMPILER_APPICON_NAME = AppIcon;
				INFOPLIST_FILE = Planets/Info.plist;
				LD_RUNPATH_SEARCH_PATHS = "$(inherited) @executable_path/Frameworks";
				PRODUCT_BUNDLE_IDENTIFIER = com.devmountain.Planets;
				PRODUCT_NAME = "$(TARGET_NAME)";
			};
			name = Debug;
		};
		274D32E11CA0A9D6009BDBD5 /* Release */ = {
			isa = XCBuildConfiguration;
			buildSettings = {
				ASSETCATALOG_COMPILER_APPICON_NAME = AppIcon;
				INFOPLIST_FILE = Planets/Info.plist;
				LD_RUNPATH_SEARCH_PATHS = "$(inherited) @executable_path/Frameworks";
				PRODUCT_BUNDLE_IDENTIFIER = com.devmountain.Planets;
				PRODUCT_NAME = "$(TARGET_NAME)";
			};
			name = Release;
		};
/* End XCBuildConfiguration section */

/* Begin XCConfigurationList section */
		274D32C61CA0A9D6009BDBD5 /* Build configuration list for PBXProject "Planets" */ = {
			isa = XCConfigurationList;
			buildConfigurations = (
				274D32DD1CA0A9D6009BDBD5 /* Debug */,
				274D32DE1CA0A9D6009BDBD5 /* Release */,
			);
			defaultConfigurationIsVisible = 0;
			defaultConfigurationName = Release;
		};
		274D32DF1CA0A9D6009BDBD5 /* Build configuration list for PBXNativeTarget "Planets" */ = {
			isa = XCConfigurationList;
			buildConfigurations = (
				274D32E01CA0A9D6009BDBD5 /* Debug */,
				274D32E11CA0A9D6009BDBD5 /* Release */,
			);
			defaultConfigurationIsVisible = 0;
		};
/* End XCConfigurationList section */
	};
	rootObject = 274D32C31CA0A9D6009BDBD5 /* Project object */;
}
